// !$*UTF8*$!
{
	archiveVersion = 1;
	classes = {
	};
	objectVersion = 77;
	objects = {

/* Begin PBXBuildFile section */
		E96207822DD4EF2B002F037F /* FocusTimeUI in Frameworks */ = {isa = PBXBuildFile; productRef = E96207812DD4EF2B002F037F /* FocusTimeUI */; };
		E97895A82E0AFCBF00E0AF42 /* DeviceActivity.framework in Frameworks */ = {isa = PBXBuildFile; fileRef = E97895A72E0AFCBE00E0AF42 /* DeviceActivity.framework */; };
/* End PBXBuildFile section */

/* Begin PBXContainerItemProxy section */
		C60711EE2E17E5F700798317 /* PBXContainerItemProxy */ = {
			isa = PBXContainerItemProxy;
			containerPortal = 674FA6982DB05ACE0002FDC1 /* Project object */;
			proxyType = 1;
			remoteGlobalIDString = 674FA69F2DB05ACE0002FDC1;
			remoteInfo = FocusTime;
		};
/* End PBXContainerItemProxy section */

/* Begin PBXFileReference section */
		674FA6A02DB05ACE0002FDC1 /* FocusTime.app */ = {isa = PBXFileReference; explicitFileType = wrapper.application; includeInIndex = 0; path = FocusTime.app; sourceTree = BUILT_PRODUCTS_DIR; };
		C6FE59E62E156D8B003A2199 /* FocusTimeTests.xctest */ = {isa = PBXFileReference; explicitFileType = wrapper.cfbundle; includeInIndex = 0; path = FocusTimeTests.xctest; sourceTree = BUILT_PRODUCTS_DIR; };
		E962077F2DD4D1E5002F037F /* FocusTimeUI */ = {isa = PBXFileReference; lastKnownFileType = wrapper; path = FocusTimeUI; sourceTree = "<group>"; };
		E97895A52E0AFCBE00E0AF42 /* FocusTimeActivityMonitor.appex */ = {isa = PBXFileReference; explicitFileType = "wrapper.app-extension"; includeInIndex = 0; path = FocusTimeActivityMonitor.appex; sourceTree = BUILT_PRODUCTS_DIR; };
		E97895A72E0AFCBE00E0AF42 /* DeviceActivity.framework */ = {isa = PBXFileReference; lastKnownFileType = wrapper.framework; name = DeviceActivity.framework; path = System/Library/Frameworks/DeviceActivity.framework; sourceTree = SDKROOT; };
/* End PBXFileReference section */

/* Begin PBXFileSystemSynchronizedBuildFileExceptionSet section */
		C62AC4CD2E1FDF5A003FCE96 /* Exceptions for "FocusTime" folder in "FocusTime" target */ = {
			isa = PBXFileSystemSynchronizedBuildFileExceptionSet;
			membershipExceptions = (
				Localizations/OnboardingLocalizable.xcstrings,
			);
			target = 674FA69F2DB05ACE0002FDC1 /* FocusTime */;
		};
		E977C59E2E0B0AF40035A6AF /* Exceptions for "FocusTime" folder in "FocusTimeActivityMonitor" target */ = {
			isa = PBXFileSystemSynchronizedBuildFileExceptionSet;
			membershipExceptions = (
				BusinessLogic/Managers/DeviceActivityHandler/DeviceActivityHandler.swift,
				BusinessLogic/Models/Blocking/BlockItem/BlockItem.swift,
				BusinessLogic/Models/Blocking/BlockItem/ProtectedBlockItem.swift,
				BusinessLogic/Models/Blocking/CodableActivityIdentifier/CodableActivityIdentifier.swift,
				BusinessLogic/Models/Blocking/Schedule/ProtectedSchedule.swift,
				BusinessLogic/Models/Blocking/Schedule/Schedule.swift,
				BusinessLogic/Models/Blocking/Schedule/TimeComponents.swift,
				BusinessLogic/Models/Blocking/Schedule/Weekday.swift,
				BusinessLogic/Stores/Protocols/ProtectedModel.swift,
				Shared/AppValues.swift,
			);
			target = E97895A42E0AFCBE00E0AF42 /* FocusTimeActivityMonitor */;
		};
		E97895B12E0AFCBF00E0AF42 /* Exceptions for "FocusTimeActivityMonitor" folder in "FocusTimeActivityMonitor" target */ = {
			isa = PBXFileSystemSynchronizedBuildFileExceptionSet;
			membershipExceptions = (
				Info.plist,
			);
			target = E97895A42E0AFCBE00E0AF42 /* FocusTimeActivityMonitor */;
		};
/* End PBXFileSystemSynchronizedBuildFileExceptionSet section */

/* Begin PBXFileSystemSynchronizedRootGroup section */
		674FA6A22DB05ACE0002FDC1 /* FocusTime */ = {
			isa = PBXFileSystemSynchronizedRootGroup;
			exceptions = (
				C62AC4CD2E1FDF5A003FCE96 /* Exceptions for "FocusTime" folder in "FocusTime" target */,
				E977C59E2E0B0AF40035A6AF /* Exceptions for "FocusTime" folder in "FocusTimeActivityMonitor" target */,
			);
			path = FocusTime;
			sourceTree = "<group>";
		};
		C6FE59E72E156D8B003A2199 /* FocusTimeTests */ = {
			isa = PBXFileSystemSynchronizedRootGroup;
			path = FocusTimeTests;
			sourceTree = "<group>";
		};
		E97895A92E0AFCBF00E0AF42 /* FocusTimeActivityMonitor */ = {
			isa = PBXFileSystemSynchronizedRootGroup;
			exceptions = (
				E97895B12E0AFCBF00E0AF42 /* Exceptions for "FocusTimeActivityMonitor" folder in "FocusTimeActivityMonitor" target */,
			);
			path = FocusTimeActivityMonitor;
			sourceTree = "<group>";
		};
/* End PBXFileSystemSynchronizedRootGroup section */

/* Begin PBXFrameworksBuildPhase section */
		674FA69D2DB05ACE0002FDC1 /* Frameworks */ = {
			isa = PBXFrameworksBuildPhase;
			buildActionMask = 2147483647;
			files = (
				E96207822DD4EF2B002F037F /* FocusTimeUI in Frameworks */,
			);
			runOnlyForDeploymentPostprocessing = 0;
		};
		C6FE59E32E156D8B003A2199 /* Frameworks */ = {
			isa = PBXFrameworksBuildPhase;
			buildActionMask = 2147483647;
			files = (
			);
			runOnlyForDeploymentPostprocessing = 0;
		};
		E97895A22E0AFCBE00E0AF42 /* Frameworks */ = {
			isa = PBXFrameworksBuildPhase;
			buildActionMask = 2147483647;
			files = (
				E97895A82E0AFCBF00E0AF42 /* DeviceActivity.framework in Frameworks */,
			);
			runOnlyForDeploymentPostprocessing = 0;
		};
/* End PBXFrameworksBuildPhase section */

/* Begin PBXGroup section */
		674FA6972DB05ACE0002FDC1 = {
			isa = PBXGroup;
			children = (
				E962077F2DD4D1E5002F037F /* FocusTimeUI */,
				674FA6A22DB05ACE0002FDC1 /* FocusTime */,
				C6FE59E72E156D8B003A2199 /* FocusTimeTests */,
				E97895A92E0AFCBF00E0AF42 /* FocusTimeActivityMonitor */,
				E97895A62E0AFCBE00E0AF42 /* Frameworks */,
				674FA6A12DB05ACE0002FDC1 /* Products */,
			);
			sourceTree = "<group>";
		};
		674FA6A12DB05ACE0002FDC1 /* Products */ = {
			isa = PBXGroup;
			children = (
				674FA6A02DB05ACE0002FDC1 /* FocusTime.app */,
				C6FE59E62E156D8B003A2199 /* FocusTimeTests.xctest */,
				E97895A52E0AFCBE00E0AF42 /* FocusTimeActivityMonitor.appex */,
			);
			name = Products;
			sourceTree = "<group>";
		};
		E97895A62E0AFCBE00E0AF42 /* Frameworks */ = {
			isa = PBXGroup;
			children = (
				E97895A72E0AFCBE00E0AF42 /* DeviceActivity.framework */,
			);
			name = Frameworks;
			sourceTree = "<group>";
		};
/* End PBXGroup section */

/* Begin PBXNativeTarget section */
		674FA69F2DB05ACE0002FDC1 /* FocusTime */ = {
			isa = PBXNativeTarget;
			buildConfigurationList = 674FA6AE2DB05AD10002FDC1 /* Build configuration list for PBXNativeTarget "FocusTime" */;
			buildPhases = (
				674FA69C2DB05ACE0002FDC1 /* Sources */,
				674FA69D2DB05ACE0002FDC1 /* Frameworks */,
				674FA69E2DB05ACE0002FDC1 /* Resources */,
			);
			buildRules = (
			);
			dependencies = (
			);
			fileSystemSynchronizedGroups = (
				674FA6A22DB05ACE0002FDC1 /* FocusTime */,
			);
			name = FocusTime;
			packageProductDependencies = (
				E96207812DD4EF2B002F037F /* FocusTimeUI */,
			);
			productName = FocusTime;
			productReference = 674FA6A02DB05ACE0002FDC1 /* FocusTime.app */;
			productType = "com.apple.product-type.application";
		};
		C6FE59E52E156D8B003A2199 /* FocusTimeTests */ = {
			isa = PBXNativeTarget;
			buildConfigurationList = C6FE59EE2E156D8B003A2199 /* Build configuration list for PBXNativeTarget "FocusTimeTests" */;
			buildPhases = (
				C6FE59E22E156D8B003A2199 /* Sources */,
				C6FE59E32E156D8B003A2199 /* Frameworks */,
				C6FE59E42E156D8B003A2199 /* Resources */,
			);
			buildRules = (
			);
			dependencies = (
				C6FE59EB2E156D8B003A2199 /* PBXTargetDependency */,
			);
			fileSystemSynchronizedGroups = (
				C6FE59E72E156D8B003A2199 /* FocusTimeTests */,
			);
			name = FocusTimeTests;
			packageProductDependencies = (
			);
			productName = FocusTimeTests;
			productReference = C6FE59E62E156D8B003A2199 /* FocusTimeTests.xctest */;
			productType = "com.apple.product-type.bundle.unit-test";
		};
		E97895A42E0AFCBE00E0AF42 /* FocusTimeActivityMonitor */ = {
			isa = PBXNativeTarget;
			buildConfigurationList = E97895B22E0AFCBF00E0AF42 /* Build configuration list for PBXNativeTarget "FocusTimeActivityMonitor" */;
			buildPhases = (
				E97895A12E0AFCBE00E0AF42 /* Sources */,
				E97895A22E0AFCBE00E0AF42 /* Frameworks */,
				E97895A32E0AFCBE00E0AF42 /* Resources */,
			);
			buildRules = (
			);
			dependencies = (
			);
			fileSystemSynchronizedGroups = (
				E97895A92E0AFCBF00E0AF42 /* FocusTimeActivityMonitor */,
			);
			name = FocusTimeActivityMonitor;
			packageProductDependencies = (
			);
			productName = FocusTimeActivityMonitor;
			productReference = E97895A52E0AFCBE00E0AF42 /* FocusTimeActivityMonitor.appex */;
			productType = "com.apple.product-type.app-extension";
		};
/* End PBXNativeTarget section */

/* Begin PBXProject section */
		674FA6982DB05ACE0002FDC1 /* Project object */ = {
			isa = PBXProject;
			attributes = {
				BuildIndependentTargetsInParallel = 1;
				LastSwiftUpdateCheck = 2600;
				LastUpgradeCheck = 1620;
				TargetAttributes = {
					674FA69F2DB05ACE0002FDC1 = {
						CreatedOnToolsVersion = 16.2;
					};
					C6FE59E52E156D8B003A2199 = {
						CreatedOnToolsVersion = 26.0;
						TestTargetID = 674FA69F2DB05ACE0002FDC1;
					};
					E97895A42E0AFCBE00E0AF42 = {
						CreatedOnToolsVersion = 26.0;
					};
				};
			};
			buildConfigurationList = 674FA69B2DB05ACE0002FDC1 /* Build configuration list for PBXProject "FocusTime" */;
			developmentRegion = en;
			hasScannedForEncodings = 0;
			knownRegions = (
				en,
				Base,
			);
			mainGroup = 674FA6972DB05ACE0002FDC1;
			minimizedProjectReferenceProxies = 1;
			packageReferences = (
				E96207802DD4EF2B002F037F /* XCLocalSwiftPackageReference "FocusTimeUI" */,
			);
			preferredProjectObjectVersion = 77;
			productRefGroup = 674FA6A12DB05ACE0002FDC1 /* Products */;
			projectDirPath = "";
			projectRoot = "";
			targets = (
				674FA69F2DB05ACE0002FDC1 /* FocusTime */,
				C6FE59E52E156D8B003A2199 /* FocusTimeTests */,
				E97895A42E0AFCBE00E0AF42 /* FocusTimeActivityMonitor */,
			);
		};
/* End PBXProject section */

/* Begin PBXResourcesBuildPhase section */
		674FA69E2DB05ACE0002FDC1 /* Resources */ = {
			isa = PBXResourcesBuildPhase;
			buildActionMask = 2147483647;
			files = (
			);
			runOnlyForDeploymentPostprocessing = 0;
		};
		C6FE59E42E156D8B003A2199 /* Resources */ = {
			isa = PBXResourcesBuildPhase;
			buildActionMask = 2147483647;
			files = (
			);
			runOnlyForDeploymentPostprocessing = 0;
		};
		E97895A32E0AFCBE00E0AF42 /* Resources */ = {
			isa = PBXResourcesBuildPhase;
			buildActionMask = 2147483647;
			files = (
			);
			runOnlyForDeploymentPostprocessing = 0;
		};
/* End PBXResourcesBuildPhase section */

/* Begin PBXSourcesBuildPhase section */
		674FA69C2DB05ACE0002FDC1 /* Sources */ = {
			isa = PBXSourcesBuildPhase;
			buildActionMask = 2147483647;
			files = (
			);
			runOnlyForDeploymentPostprocessing = 0;
		};
		C6FE59E22E156D8B003A2199 /* Sources */ = {
			isa = PBXSourcesBuildPhase;
			buildActionMask = 2147483647;
			files = (
			);
			runOnlyForDeploymentPostprocessing = 0;
		};
		E97895A12E0AFCBE00E0AF42 /* Sources */ = {
			isa = PBXSourcesBuildPhase;
			buildActionMask = 2147483647;
			files = (
			);
			runOnlyForDeploymentPostprocessing = 0;
		};
/* End PBXSourcesBuildPhase section */

/* Begin PBXTargetDependency section */
		C6FE59EB2E156D8B003A2199 /* PBXTargetDependency */ = {
			isa = PBXTargetDependency;
			target = 674FA69F2DB05ACE0002FDC1 /* FocusTime */;
			targetProxy = C60711EE2E17E5F700798317 /* PBXContainerItemProxy */;
		};
/* End PBXTargetDependency section */

/* Begin XCBuildConfiguration section */
		674FA6AC2DB05AD10002FDC1 /* Debug */ = {
			isa = XCBuildConfiguration;
			buildSettings = {
				ALWAYS_SEARCH_USER_PATHS = NO;
				ASSETCATALOG_COMPILER_GENERATE_SWIFT_ASSET_SYMBOL_EXTENSIONS = YES;
				CLANG_ANALYZER_NONNULL = YES;
				CLANG_ANALYZER_NUMBER_OBJECT_CONVERSION = YES_AGGRESSIVE;
				CLANG_CXX_LANGUAGE_STANDARD = "gnu++20";
				CLANG_ENABLE_MODULES = YES;
				CLANG_ENABLE_OBJC_ARC = YES;
				CLANG_ENABLE_OBJC_WEAK = YES;
				CLANG_WARN_BLOCK_CAPTURE_AUTORELEASING = YES;
				CLANG_WARN_BOOL_CONVERSION = YES;
				CLANG_WARN_COMMA = YES;
				CLANG_WARN_CONSTANT_CONVERSION = YES;
				CLANG_WARN_DEPRECATED_OBJC_IMPLEMENTATIONS = YES;
				CLANG_WARN_DIRECT_OBJC_ISA_USAGE = YES_ERROR;
				CLANG_WARN_DOCUMENTATION_COMMENTS = YES;
				CLANG_WARN_EMPTY_BODY = YES;
				CLANG_WARN_ENUM_CONVERSION = YES;
				CLANG_WARN_INFINITE_RECURSION = YES;
				CLANG_WARN_INT_CONVERSION = YES;
				CLANG_WARN_NON_LITERAL_NULL_CONVERSION = YES;
				CLANG_WARN_OBJC_IMPLICIT_RETAIN_SELF = YES;
				CLANG_WARN_OBJC_LITERAL_CONVERSION = YES;
				CLANG_WARN_OBJC_ROOT_CLASS = YES_ERROR;
				CLANG_WARN_QUOTED_INCLUDE_IN_FRAMEWORK_HEADER = YES;
				CLANG_WARN_RANGE_LOOP_ANALYSIS = YES;
				CLANG_WARN_STRICT_PROTOTYPES = YES;
				CLANG_WARN_SUSPICIOUS_MOVE = YES;
				CLANG_WARN_UNGUARDED_AVAILABILITY = YES_AGGRESSIVE;
				CLANG_WARN_UNREACHABLE_CODE = YES;
				CLANG_WARN__DUPLICATE_METHOD_MATCH = YES;
				COPY_PHASE_STRIP = NO;
				DEBUG_INFORMATION_FORMAT = dwarf;
				ENABLE_STRICT_OBJC_MSGSEND = YES;
				ENABLE_TESTABILITY = YES;
				ENABLE_USER_SCRIPT_SANDBOXING = YES;
				GCC_C_LANGUAGE_STANDARD = gnu17;
				GCC_DYNAMIC_NO_PIC = NO;
				GCC_NO_COMMON_BLOCKS = YES;
				GCC_OPTIMIZATION_LEVEL = 0;
				GCC_PREPROCESSOR_DEFINITIONS = (
					"DEBUG=1",
					"$(inherited)",
				);
				GCC_WARN_64_TO_32_BIT_CONVERSION = YES;
				GCC_WARN_ABOUT_RETURN_TYPE = YES_ERROR;
				GCC_WARN_UNDECLARED_SELECTOR = YES;
				GCC_WARN_UNINITIALIZED_AUTOS = YES_AGGRESSIVE;
				GCC_WARN_UNUSED_FUNCTION = YES;
				GCC_WARN_UNUSED_VARIABLE = YES;
				IPHONEOS_DEPLOYMENT_TARGET = 17.6;
				LOCALIZATION_PREFERS_STRING_CATALOGS = YES;
				MTL_ENABLE_DEBUG_INFO = INCLUDE_SOURCE;
				MTL_FAST_MATH = YES;
				ONLY_ACTIVE_ARCH = YES;
				SDKROOT = iphoneos;
				SWIFT_ACTIVE_COMPILATION_CONDITIONS = "DEBUG $(inherited)";
				SWIFT_EMIT_LOC_STRINGS = YES;
				SWIFT_OPTIMIZATION_LEVEL = "-Onone";
			};
			name = Debug;
		};
		674FA6AD2DB05AD10002FDC1 /* Release */ = {
			isa = XCBuildConfiguration;
			buildSettings = {
				ALWAYS_SEARCH_USER_PATHS = NO;
				ASSETCATALOG_COMPILER_GENERATE_SWIFT_ASSET_SYMBOL_EXTENSIONS = YES;
				CLANG_ANALYZER_NONNULL = YES;
				CLANG_ANALYZER_NUMBER_OBJECT_CONVERSION = YES_AGGRESSIVE;
				CLANG_CXX_LANGUAGE_STANDARD = "gnu++20";
				CLANG_ENABLE_MODULES = YES;
				CLANG_ENABLE_OBJC_ARC = YES;
				CLANG_ENABLE_OBJC_WEAK = YES;
				CLANG_WARN_BLOCK_CAPTURE_AUTORELEASING = YES;
				CLANG_WARN_BOOL_CONVERSION = YES;
				CLANG_WARN_COMMA = YES;
				CLANG_WARN_CONSTANT_CONVERSION = YES;
				CLANG_WARN_DEPRECATED_OBJC_IMPLEMENTATIONS = YES;
				CLANG_WARN_DIRECT_OBJC_ISA_USAGE = YES_ERROR;
				CLANG_WARN_DOCUMENTATION_COMMENTS = YES;
				CLANG_WARN_EMPTY_BODY = YES;
				CLANG_WARN_ENUM_CONVERSION = YES;
				CLANG_WARN_INFINITE_RECURSION = YES;
				CLANG_WARN_INT_CONVERSION = YES;
				CLANG_WARN_NON_LITERAL_NULL_CONVERSION = YES;
				CLANG_WARN_OBJC_IMPLICIT_RETAIN_SELF = YES;
				CLANG_WARN_OBJC_LITERAL_CONVERSION = YES;
				CLANG_WARN_OBJC_ROOT_CLASS = YES_ERROR;
				CLANG_WARN_QUOTED_INCLUDE_IN_FRAMEWORK_HEADER = YES;
				CLANG_WARN_RANGE_LOOP_ANALYSIS = YES;
				CLANG_WARN_STRICT_PROTOTYPES = YES;
				CLANG_WARN_SUSPICIOUS_MOVE = YES;
				CLANG_WARN_UNGUARDED_AVAILABILITY = YES_AGGRESSIVE;
				CLANG_WARN_UNREACHABLE_CODE = YES;
				CLANG_WARN__DUPLICATE_METHOD_MATCH = YES;
				COPY_PHASE_STRIP = NO;
				DEBUG_INFORMATION_FORMAT = "dwarf-with-dsym";
				ENABLE_NS_ASSERTIONS = NO;
				ENABLE_STRICT_OBJC_MSGSEND = YES;
				ENABLE_USER_SCRIPT_SANDBOXING = YES;
				GCC_C_LANGUAGE_STANDARD = gnu17;
				GCC_NO_COMMON_BLOCKS = YES;
				GCC_WARN_64_TO_32_BIT_CONVERSION = YES;
				GCC_WARN_ABOUT_RETURN_TYPE = YES_ERROR;
				GCC_WARN_UNDECLARED_SELECTOR = YES;
				GCC_WARN_UNINITIALIZED_AUTOS = YES_AGGRESSIVE;
				GCC_WARN_UNUSED_FUNCTION = YES;
				GCC_WARN_UNUSED_VARIABLE = YES;
				IPHONEOS_DEPLOYMENT_TARGET = 17.6;
				LOCALIZATION_PREFERS_STRING_CATALOGS = YES;
				MTL_ENABLE_DEBUG_INFO = NO;
				MTL_FAST_MATH = YES;
				SDKROOT = iphoneos;
				SWIFT_COMPILATION_MODE = wholemodule;
				SWIFT_EMIT_LOC_STRINGS = YES;
				VALIDATE_PRODUCT = YES;
			};
			name = Release;
		};
		674FA6AF2DB05AD10002FDC1 /* Debug */ = {
			isa = XCBuildConfiguration;
			buildSettings = {
				ASSETCATALOG_COMPILER_APPICON_NAME = AppIcon;
				ASSETCATALOG_COMPILER_GLOBAL_ACCENT_COLOR_NAME = AccentColor;
				CODE_SIGN_ENTITLEMENTS = FocusTime/Entitlements/FocusTimeDebug.entitlements;
				"CODE_SIGN_IDENTITY[sdk=iphoneos*]" = "iPhone Developer";
				CODE_SIGN_STYLE = Manual;
				CURRENT_PROJECT_VERSION = 1;
				DEVELOPMENT_ASSET_PATHS = "\"FocusTime/Preview Content\"";
				DEVELOPMENT_TEAM = "";
				"DEVELOPMENT_TEAM[sdk=iphoneos*]" = 242HT6L8AJ;
				ENABLE_PREVIEWS = YES;
				GENERATE_INFOPLIST_FILE = YES;
				INFOPLIST_KEY_UIApplicationSceneManifest_Generation = YES;
				INFOPLIST_KEY_UIApplicationSupportsIndirectInputEvents = YES;
				INFOPLIST_KEY_UILaunchScreen_Generation = YES;
				INFOPLIST_KEY_UISupportedInterfaceOrientations_iPad = "UIInterfaceOrientationPortrait UIInterfaceOrientationPortraitUpsideDown UIInterfaceOrientationLandscapeLeft UIInterfaceOrientationLandscapeRight";
				INFOPLIST_KEY_UISupportedInterfaceOrientations_iPhone = "UIInterfaceOrientationPortrait UIInterfaceOrientationLandscapeLeft UIInterfaceOrientationLandscapeRight";
				IPHONEOS_DEPLOYMENT_TARGET = 17.2;
				LD_RUNPATH_SEARCH_PATHS = (
					"$(inherited)",
					"@executable_path/Frameworks",
				);
				MARKETING_VERSION = 1.0;
				PRODUCT_BUNDLE_IDENTIFIER = org.dino.smart.FocusTime;
				PRODUCT_NAME = "$(TARGET_NAME)";
				PROVISIONING_PROFILE_SPECIFIER = "";
				"PROVISIONING_PROFILE_SPECIFIER[sdk=iphoneos*]" = FocusTimeUpdatedProvisioning;
				SWIFT_EMIT_LOC_STRINGS = YES;
				SWIFT_VERSION = 6.0;
				TARGETED_DEVICE_FAMILY = "1,2";
			};
			name = Debug;
		};
		674FA6B02DB05AD10002FDC1 /* Release */ = {
			isa = XCBuildConfiguration;
			buildSettings = {
				ASSETCATALOG_COMPILER_APPICON_NAME = AppIcon;
				ASSETCATALOG_COMPILER_GLOBAL_ACCENT_COLOR_NAME = AccentColor;
				CODE_SIGN_ENTITLEMENTS = FocusTime/Entitlements/FocusTime.entitlements;
				"CODE_SIGN_IDENTITY[sdk=iphoneos*]" = "iPhone Developer";
				CODE_SIGN_STYLE = Manual;
				CURRENT_PROJECT_VERSION = 1;
				DEVELOPMENT_ASSET_PATHS = "\"FocusTime/Preview Content\"";
				DEVELOPMENT_TEAM = "";
				"DEVELOPMENT_TEAM[sdk=iphoneos*]" = 242HT6L8AJ;
				ENABLE_PREVIEWS = YES;
				GENERATE_INFOPLIST_FILE = YES;
				INFOPLIST_KEY_UIApplicationSceneManifest_Generation = YES;
				INFOPLIST_KEY_UIApplicationSupportsIndirectInputEvents = YES;
				INFOPLIST_KEY_UILaunchScreen_Generation = YES;
				INFOPLIST_KEY_UISupportedInterfaceOrientations_iPad = "UIInterfaceOrientationPortrait UIInterfaceOrientationPortraitUpsideDown UIInterfaceOrientationLandscapeLeft UIInterfaceOrientationLandscapeRight";
				INFOPLIST_KEY_UISupportedInterfaceOrientations_iPhone = "UIInterfaceOrientationPortrait UIInterfaceOrientationLandscapeLeft UIInterfaceOrientationLandscapeRight";
				IPHONEOS_DEPLOYMENT_TARGET = 17.2;
				LD_RUNPATH_SEARCH_PATHS = (
					"$(inherited)",
					"@executable_path/Frameworks",
				);
				MARKETING_VERSION = 1.0;
				PRODUCT_BUNDLE_IDENTIFIER = org.dino.smart.FocusTime;
				PRODUCT_NAME = "$(TARGET_NAME)";
				PROVISIONING_PROFILE_SPECIFIER = "";
				"PROVISIONING_PROFILE_SPECIFIER[sdk=iphoneos*]" = FocusTimeUpdatedProvisioning;
				SWIFT_EMIT_LOC_STRINGS = YES;
				SWIFT_VERSION = 6.0;
				TARGETED_DEVICE_FAMILY = "1,2";
			};
			name = Release;
		};
		C6FE59EC2E156D8B003A2199 /* Debug */ = {
			isa = XCBuildConfiguration;
			buildSettings = {
				BUNDLE_LOADER = "$(TEST_HOST)";
				CODE_SIGN_STYLE = Automatic;
				CURRENT_PROJECT_VERSION = 1;
				GENERATE_INFOPLIST_FILE = YES;
				IPHONEOS_DEPLOYMENT_TARGET = 17.2;
				MARKETING_VERSION = 1.0;
				PRODUCT_BUNDLE_IDENTIFIER = org.dino.smart.FocusTimeTests;
				PRODUCT_NAME = "$(TARGET_NAME)";
				STRING_CATALOG_GENERATE_SYMBOLS = NO;
				SWIFT_EMIT_LOC_STRINGS = NO;
				SWIFT_UPCOMING_FEATURE_MEMBER_IMPORT_VISIBILITY = YES;
				SWIFT_VERSION = 6.0;
				TARGETED_DEVICE_FAMILY = "1,2";
				TEST_HOST = "$(BUILT_PRODUCTS_DIR)/FocusTime.app/$(BUNDLE_EXECUTABLE_FOLDER_PATH)/FocusTime";
			};
			name = Debug;
		};
		C6FE59ED2E156D8B003A2199 /* Release */ = {
			isa = XCBuildConfiguration;
			buildSettings = {
				BUNDLE_LOADER = "$(TEST_HOST)";
				CODE_SIGN_STYLE = Automatic;
				CURRENT_PROJECT_VERSION = 1;
				GENERATE_INFOPLIST_FILE = YES;
				IPHONEOS_DEPLOYMENT_TARGET = 17.2;
				MARKETING_VERSION = 1.0;
				PRODUCT_BUNDLE_IDENTIFIER = org.dino.smart.FocusTimeTests;
				PRODUCT_NAME = "$(TARGET_NAME)";
				STRING_CATALOG_GENERATE_SYMBOLS = NO;
				SWIFT_EMIT_LOC_STRINGS = NO;
				SWIFT_UPCOMING_FEATURE_MEMBER_IMPORT_VISIBILITY = YES;
				SWIFT_VERSION = 6.0;
				TARGETED_DEVICE_FAMILY = "1,2";
				TEST_HOST = "$(BUILT_PRODUCTS_DIR)/FocusTime.app/$(BUNDLE_EXECUTABLE_FOLDER_PATH)/FocusTime";
			};
			name = Release;
		};
		E97895B32E0AFCBF00E0AF42 /* Debug */ = {
			isa = XCBuildConfiguration;
			buildSettings = {
				CODE_SIGN_ENTITLEMENTS = FocusTimeActivityMonitor/FocusTimeActivityMonitorDebug.entitlements;
				"CODE_SIGN_IDENTITY[sdk=iphoneos*]" = "iPhone Developer";
				CODE_SIGN_STYLE = Manual;
				CURRENT_PROJECT_VERSION = 1;
				DEVELOPMENT_TEAM = "";
				"DEVELOPMENT_TEAM[sdk=iphoneos*]" = 242HT6L8AJ;
				GENERATE_INFOPLIST_FILE = YES;
				INFOPLIST_FILE = FocusTimeActivityMonitor/Info.plist;
				INFOPLIST_KEY_CFBundleDisplayName = FocusTimeActivityMonitor;
				INFOPLIST_KEY_NSHumanReadableCopyright = "";
				IPHONEOS_DEPLOYMENT_TARGET = 17.2;
				LD_RUNPATH_SEARCH_PATHS = (
					"$(inherited)",
					"@executable_path/Frameworks",
					"@executable_path/../../Frameworks",
				);
				MARKETING_VERSION = 1.0;
				PRODUCT_BUNDLE_IDENTIFIER = org.dino.smart.FocusTime.FocusTimeActivityMonitor;
				PRODUCT_NAME = "$(TARGET_NAME)";
				PROVISIONING_PROFILE_SPECIFIER = "";
				"PROVISIONING_PROFILE_SPECIFIER[sdk=iphoneos*]" = FocusTimeActivityMonitorUpdated;
				SKIP_INSTALL = YES;
				STRING_CATALOG_GENERATE_SYMBOLS = YES;
				SWIFT_EMIT_LOC_STRINGS = YES;
				SWIFT_UPCOMING_FEATURE_MEMBER_IMPORT_VISIBILITY = YES;
				SWIFT_VERSION = 6.0;
				TARGETED_DEVICE_FAMILY = "1,2";
			};
			name = Debug;
		};
		E97895B42E0AFCBF00E0AF42 /* Release */ = {
			isa = XCBuildConfiguration;
			buildSettings = {
				CODE_SIGN_ENTITLEMENTS = FocusTimeActivityMonitor/FocusTimeActivityMonitor.entitlements;
				"CODE_SIGN_IDENTITY[sdk=iphoneos*]" = "iPhone Developer";
				CODE_SIGN_STYLE = Manual;
				CURRENT_PROJECT_VERSION = 1;
				DEVELOPMENT_TEAM = "";
				"DEVELOPMENT_TEAM[sdk=iphoneos*]" = 242HT6L8AJ;
				GENERATE_INFOPLIST_FILE = YES;
				INFOPLIST_FILE = FocusTimeActivityMonitor/Info.plist;
				INFOPLIST_KEY_CFBundleDisplayName = FocusTimeActivityMonitor;
				INFOPLIST_KEY_NSHumanReadableCopyright = "";
				IPHONEOS_DEPLOYMENT_TARGET = 17.2;
				LD_RUNPATH_SEARCH_PATHS = (
					"$(inherited)",
					"@executable_path/Frameworks",
					"@executable_path/../../Frameworks",
				);
				MARKETING_VERSION = 1.0;
				PRODUCT_BUNDLE_IDENTIFIER = org.dino.smart.FocusTime.FocusTimeActivityMonitor;
				PRODUCT_NAME = "$(TARGET_NAME)";
				PROVISIONING_PROFILE_SPECIFIER = "";
				"PROVISIONING_PROFILE_SPECIFIER[sdk=iphoneos*]" = FocusTimeActivityMonitorUpdated;
				SKIP_INSTALL = YES;
				STRING_CATALOG_GENERATE_SYMBOLS = YES;
				SWIFT_EMIT_LOC_STRINGS = YES;
				SWIFT_UPCOMING_FEATURE_MEMBER_IMPORT_VISIBILITY = YES;
				SWIFT_VERSION = 6.0;
				TARGETED_DEVICE_FAMILY = "1,2";
			};
			name = Release;
		};
/* End XCBuildConfiguration section */

/* Begin XCConfigurationList section */
		674FA69B2DB05ACE0002FDC1 /* Build configuration list for PBXProject "FocusTime" */ = {
			isa = XCConfigurationList;
			buildConfigurations = (
				674FA6AC2DB05AD10002FDC1 /* Debug */,
				674FA6AD2DB05AD10002FDC1 /* Release */,
			);
			defaultConfigurationIsVisible = 0;
			defaultConfigurationName = Release;
		};
		674FA6AE2DB05AD10002FDC1 /* Build configuration list for PBXNativeTarget "FocusTime" */ = {
			isa = XCConfigurationList;
			buildConfigurations = (
				674FA6AF2DB05AD10002FDC1 /* Debug */,
				674FA6B02DB05AD10002FDC1 /* Release */,
			);
			defaultConfigurationIsVisible = 0;
			defaultConfigurationName = Release;
		};
		C6FE59EE2E156D8B003A2199 /* Build configuration list for PBXNativeTarget "FocusTimeTests" */ = {
			isa = XCConfigurationList;
			buildConfigurations = (
				C6FE59EC2E156D8B003A2199 /* Debug */,
				C6FE59ED2E156D8B003A2199 /* Release */,
			);
			defaultConfigurationIsVisible = 0;
			defaultConfigurationName = Release;
		};
		E97895B22E0AFCBF00E0AF42 /* Build configuration list for PBXNativeTarget "FocusTimeActivityMonitor" */ = {
			isa = XCConfigurationList;
			buildConfigurations = (
				E97895B32E0AFCBF00E0AF42 /* Debug */,
				E97895B42E0AFCBF00E0AF42 /* Release */,
			);
			defaultConfigurationIsVisible = 0;
			defaultConfigurationName = Release;
		};
/* End XCConfigurationList section */

/* Begin XCLocalSwiftPackageReference section */
		E96207802DD4EF2B002F037F /* XCLocalSwiftPackageReference "FocusTimeUI" */ = {
			isa = XCLocalSwiftPackageReference;
			relativePath = FocusTimeUI;
		};
/* End XCLocalSwiftPackageReference section */

/* Begin XCSwiftPackageProductDependency section */
		E96207812DD4EF2B002F037F /* FocusTimeUI */ = {
			isa = XCSwiftPackageProductDependency;
			productName = FocusTimeUI;
		};
/* End XCSwiftPackageProductDependency section */
	};
	rootObject = 674FA6982DB05ACE0002FDC1 /* Project object */;
}
